
Microsoft Visual Studio Solution File, Format Version 12.00
# Visual Studio 11
Project("{FAE04EC0-301F-11D3-BF4B-00C04F79EFBC}") = "SmsFeedback_Take4", "SmsFeedback_Take4\SmsFeedback_Take4.csproj", "{927385C7-99A2-4340-A184-D8F1937E7A81}"
EndProject
Project("{FAE04EC0-301F-11D3-BF4B-00C04F79EFBC}") = "SmsFeedback_EFModels", "SmsFeedback_EFModels\SmsFeedback_EFModels.csproj", "{F2DFC840-77CC-44F6-93D8-559639AD2580}"
EndProject
Project("{FAE04EC0-301F-11D3-BF4B-00C04F79EFBC}") = "SmsFeedbackTest", "SmsFeedbackTest\SmsFeedbackTest.csproj", "{216A96D9-372A-4E5A-ADE1-B8A2BD027AF5}"
EndProject
Project("{2150E333-8FDC-42A3-9474-1A3956D46DE8}") = "Solution Items", "Solution Items", "{F1549DB0-B4A6-4CBD-8417-16E2753C352B}"
	ProjectSection(SolutionItems) = preProject
		Local.testsettings = Local.testsettings
		SmsFeedback_Take4.vsmdi = SmsFeedback_Take4.vsmdi
		TraceAndTestImpact.testsettings = TraceAndTestImpact.testsettings
	EndProjectSection
EndProject
Project("{FAE04EC0-301F-11D3-BF4B-00C04F79EFBC}") = "TxtFeedback_tests", "TxtFeedback_tests\TxtFeedback_tests.csproj", "{F4FC6BAC-DCC0-4E25-9749-745E2D33D29A}"
EndProject
Project("{2150E333-8FDC-42A3-9474-1A3956D46DE8}") = ".nuget", ".nuget", "{01EEDA94-CA40-44C7-91EB-AAFC3F469B1B}"
	ProjectSection(SolutionItems) = preProject
		.nuget\packages.config = .nuget\packages.config
	EndProjectSection
EndProject
Global
	GlobalSection(TestCaseManagementSettings) = postSolution
		CategoryFile = SmsFeedback_Take4.vsmdi
	EndGlobalSection
	GlobalSection(SolutionConfigurationPlatforms) = preSolution
		Debug|Any CPU = Debug|Any CPU
		Release|Any CPU = Release|Any CPU
	EndGlobalSection
	GlobalSection(ProjectConfigurationPlatforms) = postSolution
		{216A96D9-372A-4E5A-ADE1-B8A2BD027AF5}.Debug|Any CPU.ActiveCfg = Debug|Any CPU
		{216A96D9-372A-4E5A-ADE1-B8A2BD027AF5}.Debug|Any CPU.Build.0 = Debug|Any CPU
		{216A96D9-372A-4E5A-ADE1-B8A2BD027AF5}.Release|Any CPU.ActiveCfg = Release|Any CPU
		{216A96D9-372A-4E5A-ADE1-B8A2BD027AF5}.Release|Any CPU.Build.0 = Release|Any CPU
		{927385C7-99A2-4340-A184-D8F1937E7A81}.Debug|Any CPU.ActiveCfg = Debug|Any CPU
		{927385C7-99A2-4340-A184-D8F1937E7A81}.Debug|Any CPU.Build.0 = Debug|Any CPU
		{927385C7-99A2-4340-A184-D8F1937E7A81}.Release|Any CPU.ActiveCfg = Release|Any CPU
		{927385C7-99A2-4340-A184-D8F1937E7A81}.Release|Any CPU.Build.0 = Release|Any CPU
		{F2DFC840-77CC-44F6-93D8-559639AD2580}.Debug|Any CPU.ActiveCfg = Debug|Any CPU
		{F2DFC840-77CC-44F6-93D8-559639AD2580}.Debug|Any CPU.Build.0 = Debug|Any CPU
		{F2DFC840-77CC-44F6-93D8-559639AD2580}.Release|Any CPU.ActiveCfg = Release|Any CPU
		{F2DFC840-77CC-44F6-93D8-559639AD2580}.Release|Any CPU.Build.0 = Release|Any CPU
		{F4FC6BAC-DCC0-4E25-9749-745E2D33D29A}.Debug|Any CPU.ActiveCfg = Debug|Any CPU
		{F4FC6BAC-DCC0-4E25-9749-745E2D33D29A}.Debug|Any CPU.Build.0 = Debug|Any CPU
		{F4FC6BAC-DCC0-4E25-9749-745E2D33D29A}.Release|Any CPU.ActiveCfg = Release|Any CPU
		{F4FC6BAC-DCC0-4E25-9749-745E2D33D29A}.Release|Any CPU.Build.0 = Release|Any CPU
	EndGlobalSection
	GlobalSection(SolutionProperties) = preSolution
		HideSolutionNode = FALSE
	EndGlobalSection
EndGlobal
