
Microsoft Visual Studio Solution File, Format Version 12.00
# Visual Studio 2012
Project("{FAE04EC0-301F-11D3-BF4B-00C04F79EFBC}") = "MvcWebApi", "MvcWebApi\MvcWebApi.csproj", "{4738E8FA-E156-41F5-A786-A908062B4F5C}"
EndProject
Project("{FAE04EC0-301F-11D3-BF4B-00C04F79EFBC}") = "RestAbmob1", "RestAbmob1\RestAbmob1.csproj", "{4B3FC618-9195-47C7-9E32-70E413989A7A}"
EndProject
Project("{FAE04EC0-301F-11D3-BF4B-00C04F79EFBC}") = "RestAbmobando", "RestAbmobando\RestAbmobando.csproj", "{56D76129-8F5B-4190-9E6C-F487101B7E43}"
EndProject
Project("{FAE04EC0-301F-11D3-BF4B-00C04F79EFBC}") = "Abmobdemo1", "Abmobdemo1\Abmobdemo1.csproj", "{9D08C9F2-59C8-4ADD-82E2-0EF97798651B}"
EndProject
Project("{FAE04EC0-301F-11D3-BF4B-00C04F79EFBC}") = "Abmobdemo2", "Abmobdemo2\Abmobdemo2.csproj", "{012F4AAB-EC61-41E4-816C-23DB10CC20AF}"
EndProject
Project("{FAE04EC0-301F-11D3-BF4B-00C04F79EFBC}") = "Abmobdemo3", "Abmobdemo3\Abmobdemo3.csproj", "{0AE34D42-EFE5-4204-B94D-53D646188EFE}"
EndProject
Project("{FAE04EC0-301F-11D3-BF4B-00C04F79EFBC}") = "Abmobdemo4", "Abmobdemo4\Abmobdemo4.csproj", "{A6DD9702-4FDF-4DBE-9AD9-DB2B2582266E}"
EndProject
Project("{FAE04EC0-301F-11D3-BF4B-00C04F79EFBC}") = "Abmobdemo5", "Abmobdemo5\Abmobdemo5.csproj", "{AFE1A178-B1A7-4939-8450-2E0F7DD20011}"
EndProject
Project("{FAE04EC0-301F-11D3-BF4B-00C04F79EFBC}") = "Abmobdemo6", "Abmobdemo6\Abmobdemo6.csproj", "{EF3C3387-3D64-4DC1-9591-27411974D6BF}"
EndProject
Project("{FAE04EC0-301F-11D3-BF4B-00C04F79EFBC}") = "absupde", "absupde\absupde.csproj", "{3FF055DA-D7B2-4292-9A8F-6A3DBCD43020}"
EndProject
Project("{FAE04EC0-301F-11D3-BF4B-00C04F79EFBC}") = "Abprod16", "Abprod16\Abprod16.csproj", "{1C6D6551-F122-4AA0-B092-4D77C98C1F56}"
EndProject
Project("{FAE04EC0-301F-11D3-BF4B-00C04F79EFBC}") = "Abprodsu", "Abprodsu\Abprodsu.csproj", "{2F931F49-99BD-4472-9434-2F726E65FE4C}"
EndProject
Project("{FAE04EC0-301F-11D3-BF4B-00C04F79EFBC}") = "Supportau", "Supportau\Supportau.csproj", "{F7811B6B-A5D6-41C3-931E-8A82DA39450A}"
EndProject
Project("{FAE04EC0-301F-11D3-BF4B-00C04F79EFBC}") = "Pub", "Pub\Pub.csproj", "{4237565C-0381-4655-B1BD-9E13B27ABA4D}"
EndProject
Project("{FAE04EC0-301F-11D3-BF4B-00C04F79EFBC}") = "CaferomaAU", "CaferomaAU\CaferomaAU.csproj", "{55014167-765A-48D3-AB52-AFFFB9C0A72D}"
EndProject
Project("{FAE04EC0-301F-11D3-BF4B-00C04F79EFBC}") = "Esport", "Esport\Esport.csproj", "{BEAADABB-E0C5-4D17-B43F-13C665D8479D}"
EndProject
Project("{FAE04EC0-301F-11D3-BF4B-00C04F79EFBC}") = "SupportroNexmo", "SupportroNexmo\SupportroNexmo.csproj", "{84D03C73-0B1E-4F95-A16D-157FA7FAE587}"
EndProject
Project("{FAE04EC0-301F-11D3-BF4B-00C04F79EFBC}") = "Coffeeclubwe", "Coffeeclubwe\Coffeeclubwe.csproj", "{7B1B5F3E-F847-4567-8027-2F308B2A8962}"
EndProject
Project("{FAE04EC0-301F-11D3-BF4B-00C04F79EFBC}") = "Coffeeclubto", "Coffeeclubto\Coffeeclubto.csproj", "{B1AF547F-F0BE-441D-84C1-297108BFBF35}"
EndProject
Project("{FAE04EC0-301F-11D3-BF4B-00C04F79EFBC}") = "CoffeeClubPR", "CoffeeClubPR\CoffeeClubPR.csproj", "{B3740F41-4F2A-44AB-B6DE-DC1C4625B8D9}"
EndProject
Project("{FAE04EC0-301F-11D3-BF4B-00C04F79EFBC}") = "Bitdefsp", "Bitdefsp\Bitdefsp.csproj", "{F58024AF-106D-4EFE-AC2C-C9E02F22164C}"
EndProject
Project("{FAE04EC0-301F-11D3-BF4B-00C04F79EFBC}") = "Supportus", "Supportus\Supportus.csproj", "{50E530AA-8F5E-4C3C-A24E-4B68ACFCEA86}"
EndProject
Project("{FAE04EC0-301F-11D3-BF4B-00C04F79EFBC}") = "Supportuk", "Supportuk\Supportuk.csproj", "{6104CCA6-5F20-4E77-9F56-01EA4A2313FD}"
EndProject
Project("{FAE04EC0-301F-11D3-BF4B-00C04F79EFBC}") = "Supportde", "Supportde\Supportde.csproj", "{44457A23-D7BF-401F-B712-A259A0DAA5EB}"
EndProject
Project("{FAE04EC0-301F-11D3-BF4B-00C04F79EFBC}") = "Supportca", "Supportca\Supportca.csproj", "{F9C287C4-17F4-4EE6-A139-D4FA902FC7A1}"
EndProject
Project("{FAE04EC0-301F-11D3-BF4B-00C04F79EFBC}") = "Supportrom", "Supportrom\Supportrom.csproj", "{74AD1969-F143-4535-9B77-E11B31F5F117}"
EndProject
Project("{FAE04EC0-301F-11D3-BF4B-00C04F79EFBC}") = "Pagepropl", "Pagepropl\Pagepropl.csproj", "{9ECEED19-358B-4A1E-874E-854BBB6D2525}"
EndProject
Project("{FAE04EC0-301F-11D3-BF4B-00C04F79EFBC}") = "Supportpl", "Supportpl\Supportpl.csproj", "{B517D4D2-E927-4822-83E4-F96F3DA3FD93}"
EndProject
Project("{FAE04EC0-301F-11D3-BF4B-00C04F79EFBC}") = "d.suppuk", "demo.supportuk\d.suppuk.csproj", "{DFCC9E83-AD3F-4A1B-9489-9389368F23F3}"
EndProject
Project("{FAE04EC0-301F-11D3-BF4B-00C04F79EFBC}") = "Stud_mu", "Stud_mu\Stud_mu.csproj", "{B3B59E89-1989-418B-B978-8900575F323E}"
EndProject
Project("{FAE04EC0-301F-11D3-BF4B-00C04F79EFBC}") = "trytxtfdbk", "trytxtfdbk\trytxtfdbk.csproj", "{71A17AA6-DEFF-46FA-AC09-43213110B6B8}"
EndProject
Global
	GlobalSection(SolutionConfigurationPlatforms) = preSolution
		Debug|Any CPU = Debug|Any CPU
		Release|Any CPU = Release|Any CPU
	EndGlobalSection
	GlobalSection(ProjectConfigurationPlatforms) = postSolution
		{4738E8FA-E156-41F5-A786-A908062B4F5C}.Debug|Any CPU.ActiveCfg = Debug|Any CPU
		{4738E8FA-E156-41F5-A786-A908062B4F5C}.Debug|Any CPU.Build.0 = Debug|Any CPU
		{4738E8FA-E156-41F5-A786-A908062B4F5C}.Release|Any CPU.ActiveCfg = Release|Any CPU
		{4738E8FA-E156-41F5-A786-A908062B4F5C}.Release|Any CPU.Build.0 = Release|Any CPU
		{4B3FC618-9195-47C7-9E32-70E413989A7A}.Debug|Any CPU.ActiveCfg = Debug|Any CPU
		{4B3FC618-9195-47C7-9E32-70E413989A7A}.Debug|Any CPU.Build.0 = Debug|Any CPU
		{4B3FC618-9195-47C7-9E32-70E413989A7A}.Release|Any CPU.ActiveCfg = Release|Any CPU
		{4B3FC618-9195-47C7-9E32-70E413989A7A}.Release|Any CPU.Build.0 = Release|Any CPU
		{56D76129-8F5B-4190-9E6C-F487101B7E43}.Debug|Any CPU.ActiveCfg = Debug|Any CPU
		{56D76129-8F5B-4190-9E6C-F487101B7E43}.Debug|Any CPU.Build.0 = Debug|Any CPU
		{56D76129-8F5B-4190-9E6C-F487101B7E43}.Release|Any CPU.ActiveCfg = Release|Any CPU
		{56D76129-8F5B-4190-9E6C-F487101B7E43}.Release|Any CPU.Build.0 = Release|Any CPU
		{9D08C9F2-59C8-4ADD-82E2-0EF97798651B}.Debug|Any CPU.ActiveCfg = Debug|Any CPU
		{9D08C9F2-59C8-4ADD-82E2-0EF97798651B}.Debug|Any CPU.Build.0 = Debug|Any CPU
		{9D08C9F2-59C8-4ADD-82E2-0EF97798651B}.Release|Any CPU.ActiveCfg = Release|Any CPU
		{9D08C9F2-59C8-4ADD-82E2-0EF97798651B}.Release|Any CPU.Build.0 = Release|Any CPU
		{012F4AAB-EC61-41E4-816C-23DB10CC20AF}.Debug|Any CPU.ActiveCfg = Debug|Any CPU
		{012F4AAB-EC61-41E4-816C-23DB10CC20AF}.Debug|Any CPU.Build.0 = Debug|Any CPU
		{012F4AAB-EC61-41E4-816C-23DB10CC20AF}.Release|Any CPU.ActiveCfg = Release|Any CPU
		{012F4AAB-EC61-41E4-816C-23DB10CC20AF}.Release|Any CPU.Build.0 = Release|Any CPU
		{0AE34D42-EFE5-4204-B94D-53D646188EFE}.Debug|Any CPU.ActiveCfg = Debug|Any CPU
		{0AE34D42-EFE5-4204-B94D-53D646188EFE}.Debug|Any CPU.Build.0 = Debug|Any CPU
		{0AE34D42-EFE5-4204-B94D-53D646188EFE}.Release|Any CPU.ActiveCfg = Release|Any CPU
		{0AE34D42-EFE5-4204-B94D-53D646188EFE}.Release|Any CPU.Build.0 = Release|Any CPU
		{A6DD9702-4FDF-4DBE-9AD9-DB2B2582266E}.Debug|Any CPU.ActiveCfg = Debug|Any CPU
		{A6DD9702-4FDF-4DBE-9AD9-DB2B2582266E}.Debug|Any CPU.Build.0 = Debug|Any CPU
		{A6DD9702-4FDF-4DBE-9AD9-DB2B2582266E}.Release|Any CPU.ActiveCfg = Release|Any CPU
		{A6DD9702-4FDF-4DBE-9AD9-DB2B2582266E}.Release|Any CPU.Build.0 = Release|Any CPU
		{AFE1A178-B1A7-4939-8450-2E0F7DD20011}.Debug|Any CPU.ActiveCfg = Debug|Any CPU
		{AFE1A178-B1A7-4939-8450-2E0F7DD20011}.Debug|Any CPU.Build.0 = Debug|Any CPU
		{AFE1A178-B1A7-4939-8450-2E0F7DD20011}.Release|Any CPU.ActiveCfg = Release|Any CPU
		{AFE1A178-B1A7-4939-8450-2E0F7DD20011}.Release|Any CPU.Build.0 = Release|Any CPU
		{EF3C3387-3D64-4DC1-9591-27411974D6BF}.Debug|Any CPU.ActiveCfg = Debug|Any CPU
		{EF3C3387-3D64-4DC1-9591-27411974D6BF}.Debug|Any CPU.Build.0 = Debug|Any CPU
		{EF3C3387-3D64-4DC1-9591-27411974D6BF}.Release|Any CPU.ActiveCfg = Release|Any CPU
		{EF3C3387-3D64-4DC1-9591-27411974D6BF}.Release|Any CPU.Build.0 = Release|Any CPU
		{3FF055DA-D7B2-4292-9A8F-6A3DBCD43020}.Debug|Any CPU.ActiveCfg = Debug|Any CPU
		{3FF055DA-D7B2-4292-9A8F-6A3DBCD43020}.Debug|Any CPU.Build.0 = Debug|Any CPU
		{3FF055DA-D7B2-4292-9A8F-6A3DBCD43020}.Release|Any CPU.ActiveCfg = Release|Any CPU
		{3FF055DA-D7B2-4292-9A8F-6A3DBCD43020}.Release|Any CPU.Build.0 = Release|Any CPU
		{1C6D6551-F122-4AA0-B092-4D77C98C1F56}.Debug|Any CPU.ActiveCfg = Debug|Any CPU
		{1C6D6551-F122-4AA0-B092-4D77C98C1F56}.Debug|Any CPU.Build.0 = Debug|Any CPU
		{1C6D6551-F122-4AA0-B092-4D77C98C1F56}.Release|Any CPU.ActiveCfg = Release|Any CPU
		{1C6D6551-F122-4AA0-B092-4D77C98C1F56}.Release|Any CPU.Build.0 = Release|Any CPU
		{2F931F49-99BD-4472-9434-2F726E65FE4C}.Debug|Any CPU.ActiveCfg = Debug|Any CPU
		{2F931F49-99BD-4472-9434-2F726E65FE4C}.Debug|Any CPU.Build.0 = Debug|Any CPU
		{2F931F49-99BD-4472-9434-2F726E65FE4C}.Release|Any CPU.ActiveCfg = Release|Any CPU
		{2F931F49-99BD-4472-9434-2F726E65FE4C}.Release|Any CPU.Build.0 = Release|Any CPU
		{F7811B6B-A5D6-41C3-931E-8A82DA39450A}.Debug|Any CPU.ActiveCfg = Debug|Any CPU
		{F7811B6B-A5D6-41C3-931E-8A82DA39450A}.Debug|Any CPU.Build.0 = Debug|Any CPU
		{F7811B6B-A5D6-41C3-931E-8A82DA39450A}.Release|Any CPU.ActiveCfg = Release|Any CPU
		{F7811B6B-A5D6-41C3-931E-8A82DA39450A}.Release|Any CPU.Build.0 = Release|Any CPU
		{4237565C-0381-4655-B1BD-9E13B27ABA4D}.Debug|Any CPU.ActiveCfg = Debug|Any CPU
		{4237565C-0381-4655-B1BD-9E13B27ABA4D}.Debug|Any CPU.Build.0 = Debug|Any CPU
		{4237565C-0381-4655-B1BD-9E13B27ABA4D}.Release|Any CPU.ActiveCfg = Release|Any CPU
		{4237565C-0381-4655-B1BD-9E13B27ABA4D}.Release|Any CPU.Build.0 = Release|Any CPU
		{55014167-765A-48D3-AB52-AFFFB9C0A72D}.Debug|Any CPU.ActiveCfg = Debug|Any CPU
		{55014167-765A-48D3-AB52-AFFFB9C0A72D}.Debug|Any CPU.Build.0 = Debug|Any CPU
		{55014167-765A-48D3-AB52-AFFFB9C0A72D}.Release|Any CPU.ActiveCfg = Release|Any CPU
		{55014167-765A-48D3-AB52-AFFFB9C0A72D}.Release|Any CPU.Build.0 = Release|Any CPU
		{BEAADABB-E0C5-4D17-B43F-13C665D8479D}.Debug|Any CPU.ActiveCfg = Debug|Any CPU
		{BEAADABB-E0C5-4D17-B43F-13C665D8479D}.Debug|Any CPU.Build.0 = Debug|Any CPU
		{BEAADABB-E0C5-4D17-B43F-13C665D8479D}.Release|Any CPU.ActiveCfg = Release|Any CPU
		{BEAADABB-E0C5-4D17-B43F-13C665D8479D}.Release|Any CPU.Build.0 = Release|Any CPU
		{84D03C73-0B1E-4F95-A16D-157FA7FAE587}.Debug|Any CPU.ActiveCfg = Debug|Any CPU
		{84D03C73-0B1E-4F95-A16D-157FA7FAE587}.Debug|Any CPU.Build.0 = Debug|Any CPU
		{84D03C73-0B1E-4F95-A16D-157FA7FAE587}.Release|Any CPU.ActiveCfg = Release|Any CPU
		{84D03C73-0B1E-4F95-A16D-157FA7FAE587}.Release|Any CPU.Build.0 = Release|Any CPU
		{7B1B5F3E-F847-4567-8027-2F308B2A8962}.Debug|Any CPU.ActiveCfg = Debug|Any CPU
		{7B1B5F3E-F847-4567-8027-2F308B2A8962}.Debug|Any CPU.Build.0 = Debug|Any CPU
		{7B1B5F3E-F847-4567-8027-2F308B2A8962}.Release|Any CPU.ActiveCfg = Release|Any CPU
		{7B1B5F3E-F847-4567-8027-2F308B2A8962}.Release|Any CPU.Build.0 = Release|Any CPU
		{B1AF547F-F0BE-441D-84C1-297108BFBF35}.Debug|Any CPU.ActiveCfg = Debug|Any CPU
		{B1AF547F-F0BE-441D-84C1-297108BFBF35}.Debug|Any CPU.Build.0 = Debug|Any CPU
		{B1AF547F-F0BE-441D-84C1-297108BFBF35}.Release|Any CPU.ActiveCfg = Release|Any CPU
		{B1AF547F-F0BE-441D-84C1-297108BFBF35}.Release|Any CPU.Build.0 = Release|Any CPU
		{B3740F41-4F2A-44AB-B6DE-DC1C4625B8D9}.Debug|Any CPU.ActiveCfg = Debug|Any CPU
		{B3740F41-4F2A-44AB-B6DE-DC1C4625B8D9}.Debug|Any CPU.Build.0 = Debug|Any CPU
		{B3740F41-4F2A-44AB-B6DE-DC1C4625B8D9}.Release|Any CPU.ActiveCfg = Release|Any CPU
		{B3740F41-4F2A-44AB-B6DE-DC1C4625B8D9}.Release|Any CPU.Build.0 = Release|Any CPU
		{F58024AF-106D-4EFE-AC2C-C9E02F22164C}.Debug|Any CPU.ActiveCfg = Debug|Any CPU
		{F58024AF-106D-4EFE-AC2C-C9E02F22164C}.Debug|Any CPU.Build.0 = Debug|Any CPU
		{F58024AF-106D-4EFE-AC2C-C9E02F22164C}.Release|Any CPU.ActiveCfg = Release|Any CPU
		{F58024AF-106D-4EFE-AC2C-C9E02F22164C}.Release|Any CPU.Build.0 = Release|Any CPU
		{50E530AA-8F5E-4C3C-A24E-4B68ACFCEA86}.Debug|Any CPU.ActiveCfg = Debug|Any CPU
		{50E530AA-8F5E-4C3C-A24E-4B68ACFCEA86}.Debug|Any CPU.Build.0 = Debug|Any CPU
		{50E530AA-8F5E-4C3C-A24E-4B68ACFCEA86}.Release|Any CPU.ActiveCfg = Release|Any CPU
		{50E530AA-8F5E-4C3C-A24E-4B68ACFCEA86}.Release|Any CPU.Build.0 = Release|Any CPU
		{6104CCA6-5F20-4E77-9F56-01EA4A2313FD}.Debug|Any CPU.ActiveCfg = Debug|Any CPU
		{6104CCA6-5F20-4E77-9F56-01EA4A2313FD}.Debug|Any CPU.Build.0 = Debug|Any CPU
		{6104CCA6-5F20-4E77-9F56-01EA4A2313FD}.Release|Any CPU.ActiveCfg = Release|Any CPU
		{6104CCA6-5F20-4E77-9F56-01EA4A2313FD}.Release|Any CPU.Build.0 = Release|Any CPU
		{44457A23-D7BF-401F-B712-A259A0DAA5EB}.Debug|Any CPU.ActiveCfg = Debug|Any CPU
		{44457A23-D7BF-401F-B712-A259A0DAA5EB}.Debug|Any CPU.Build.0 = Debug|Any CPU
		{44457A23-D7BF-401F-B712-A259A0DAA5EB}.Release|Any CPU.ActiveCfg = Release|Any CPU
		{44457A23-D7BF-401F-B712-A259A0DAA5EB}.Release|Any CPU.Build.0 = Release|Any CPU
		{F9C287C4-17F4-4EE6-A139-D4FA902FC7A1}.Debug|Any CPU.ActiveCfg = Debug|Any CPU
		{F9C287C4-17F4-4EE6-A139-D4FA902FC7A1}.Debug|Any CPU.Build.0 = Debug|Any CPU
		{F9C287C4-17F4-4EE6-A139-D4FA902FC7A1}.Release|Any CPU.ActiveCfg = Release|Any CPU
		{F9C287C4-17F4-4EE6-A139-D4FA902FC7A1}.Release|Any CPU.Build.0 = Release|Any CPU
		{74AD1969-F143-4535-9B77-E11B31F5F117}.Debug|Any CPU.ActiveCfg = Debug|Any CPU
		{74AD1969-F143-4535-9B77-E11B31F5F117}.Debug|Any CPU.Build.0 = Debug|Any CPU
		{74AD1969-F143-4535-9B77-E11B31F5F117}.Release|Any CPU.ActiveCfg = Release|Any CPU
		{74AD1969-F143-4535-9B77-E11B31F5F117}.Release|Any CPU.Build.0 = Release|Any CPU
		{9ECEED19-358B-4A1E-874E-854BBB6D2525}.Debug|Any CPU.ActiveCfg = Debug|Any CPU
		{9ECEED19-358B-4A1E-874E-854BBB6D2525}.Debug|Any CPU.Build.0 = Debug|Any CPU
		{9ECEED19-358B-4A1E-874E-854BBB6D2525}.Release|Any CPU.ActiveCfg = Release|Any CPU
		{9ECEED19-358B-4A1E-874E-854BBB6D2525}.Release|Any CPU.Build.0 = Release|Any CPU
		{B517D4D2-E927-4822-83E4-F96F3DA3FD93}.Debug|Any CPU.ActiveCfg = Debug|Any CPU
		{B517D4D2-E927-4822-83E4-F96F3DA3FD93}.Debug|Any CPU.Build.0 = Debug|Any CPU
		{B517D4D2-E927-4822-83E4-F96F3DA3FD93}.Release|Any CPU.ActiveCfg = Release|Any CPU
		{B517D4D2-E927-4822-83E4-F96F3DA3FD93}.Release|Any CPU.Build.0 = Release|Any CPU
		{DFCC9E83-AD3F-4A1B-9489-9389368F23F3}.Debug|Any CPU.ActiveCfg = Debug|Any CPU
		{DFCC9E83-AD3F-4A1B-9489-9389368F23F3}.Debug|Any CPU.Build.0 = Debug|Any CPU
		{DFCC9E83-AD3F-4A1B-9489-9389368F23F3}.Release|Any CPU.ActiveCfg = Release|Any CPU
		{DFCC9E83-AD3F-4A1B-9489-9389368F23F3}.Release|Any CPU.Build.0 = Release|Any CPU
		{B3B59E89-1989-418B-B978-8900575F323E}.Debug|Any CPU.ActiveCfg = Debug|Any CPU
		{B3B59E89-1989-418B-B978-8900575F323E}.Debug|Any CPU.Build.0 = Debug|Any CPU
		{B3B59E89-1989-418B-B978-8900575F323E}.Release|Any CPU.ActiveCfg = Release|Any CPU
		{B3B59E89-1989-418B-B978-8900575F323E}.Release|Any CPU.Build.0 = Release|Any CPU
		{71A17AA6-DEFF-46FA-AC09-43213110B6B8}.Debug|Any CPU.ActiveCfg = Debug|Any CPU
		{71A17AA6-DEFF-46FA-AC09-43213110B6B8}.Debug|Any CPU.Build.0 = Debug|Any CPU
		{71A17AA6-DEFF-46FA-AC09-43213110B6B8}.Release|Any CPU.ActiveCfg = Release|Any CPU
		{71A17AA6-DEFF-46FA-AC09-43213110B6B8}.Release|Any CPU.Build.0 = Release|Any CPU
	EndGlobalSection
	GlobalSection(SolutionProperties) = preSolution
		HideSolutionNode = FALSE
	EndGlobalSection
EndGlobal
