
Microsoft Visual Studio Solution File, Format Version 12.00
# Visual Studio 2012
Project("{FAE04EC0-301F-11D3-BF4B-00C04F79EFBC}") = "Abmobdemo1", "Abmobdemo1\Abmobdemo1.csproj", "{9D08C9F2-59C8-4ADD-82E2-0EF97798651B}"
EndProject
Project("{FAE04EC0-301F-11D3-BF4B-00C04F79EFBC}") = "Abmobdemo2", "Abmobdemo2\Abmobdemo2.csproj", "{012F4AAB-EC61-41E4-816C-23DB10CC20AF}"
EndProject
Project("{FAE04EC0-301F-11D3-BF4B-00C04F79EFBC}") = "Abmobdemo3", "Abmobdemo3\Abmobdemo3.csproj", "{0AE34D42-EFE5-4204-B94D-53D646188EFE}"
EndProject
Project("{FAE04EC0-301F-11D3-BF4B-00C04F79EFBC}") = "Abmobdemo4", "Abmobdemo4\Abmobdemo4.csproj", "{A6DD9702-4FDF-4DBE-9AD9-DB2B2582266E}"
EndProject
Project("{FAE04EC0-301F-11D3-BF4B-00C04F79EFBC}") = "Abmobdemo5", "Abmobdemo5\Abmobdemo5.csproj", "{AFE1A178-B1A7-4939-8450-2E0F7DD20011}"
EndProject
Project("{FAE04EC0-301F-11D3-BF4B-00C04F79EFBC}") = "Abmobdemo6", "Abmobdemo6\Abmobdemo6.csproj", "{EF3C3387-3D64-4DC1-9591-27411974D6BF}"
EndProject
Project("{FAE04EC0-301F-11D3-BF4B-00C04F79EFBC}") = "absupde", "absupde\absupde.csproj", "{3FF055DA-D7B2-4292-9A8F-6A3DBCD43020}"
EndProject
Project("{FAE04EC0-301F-11D3-BF4B-00C04F79EFBC}") = "Abprod16", "Abprod16\Abprod16.csproj", "{1C6D6551-F122-4AA0-B092-4D77C98C1F56}"
EndProject
Project("{FAE04EC0-301F-11D3-BF4B-00C04F79EFBC}") = "Abprodsu", "Abprodsu\Abprodsu.csproj", "{2F931F49-99BD-4472-9434-2F726E65FE4C}"
EndProject
Project("{FAE04EC0-301F-11D3-BF4B-00C04F79EFBC}") = "Supportau", "Supportau\Supportau.csproj", "{F7811B6B-A5D6-41C3-931E-8A82DA39450A}"
EndProject
Project("{FAE04EC0-301F-11D3-BF4B-00C04F79EFBC}") = "Esport", "Esport\Esport.csproj", "{BEAADABB-E0C5-4D17-B43F-13C665D8479D}"
EndProject
Project("{FAE04EC0-301F-11D3-BF4B-00C04F79EFBC}") = "Bitdefsp", "Bitdefsp\Bitdefsp.csproj", "{F58024AF-106D-4EFE-AC2C-C9E02F22164C}"
EndProject
Project("{FAE04EC0-301F-11D3-BF4B-00C04F79EFBC}") = "Supportus", "Supportus\Supportus.csproj", "{50E530AA-8F5E-4C3C-A24E-4B68ACFCEA86}"
EndProject
Project("{FAE04EC0-301F-11D3-BF4B-00C04F79EFBC}") = "Supportuk", "Supportuk\Supportuk.csproj", "{6104CCA6-5F20-4E77-9F56-01EA4A2313FD}"
EndProject
Project("{FAE04EC0-301F-11D3-BF4B-00C04F79EFBC}") = "Supportde", "Supportde\Supportde.csproj", "{44457A23-D7BF-401F-B712-A259A0DAA5EB}"
EndProject
Project("{FAE04EC0-301F-11D3-BF4B-00C04F79EFBC}") = "Supportca", "Supportca\Supportca.csproj", "{F9C287C4-17F4-4EE6-A139-D4FA902FC7A1}"
EndProject
Project("{FAE04EC0-301F-11D3-BF4B-00C04F79EFBC}") = "Supportrom", "Supportrom\Supportrom.csproj", "{74AD1969-F143-4535-9B77-E11B31F5F117}"
EndProject
Project("{FAE04EC0-301F-11D3-BF4B-00C04F79EFBC}") = "Pagepropl", "Pagepropl\Pagepropl.csproj", "{9ECEED19-358B-4A1E-874E-854BBB6D2525}"
EndProject
Project("{FAE04EC0-301F-11D3-BF4B-00C04F79EFBC}") = "Supportpl", "Supportpl\Supportpl.csproj", "{B517D4D2-E927-4822-83E4-F96F3DA3FD93}"
EndProject
Project("{FAE04EC0-301F-11D3-BF4B-00C04F79EFBC}") = "Stud_mu", "Stud_mu\Stud_mu.csproj", "{B3B59E89-1989-418B-B978-8900575F323E}"
EndProject
Project("{FAE04EC0-301F-11D3-BF4B-00C04F79EFBC}") = "trytxtfdbk", "trytxtfdbk\trytxtfdbk.csproj", "{71A17AA6-DEFF-46FA-AC09-43213110B6B8}"
EndProject
Project("{FAE04EC0-301F-11D3-BF4B-00C04F79EFBC}") = "TestRESTServices", "TestRESTServices\TestRESTServices.csproj", "{6E801358-4DEB-4220-9459-2902CC60DBD9}"
EndProject
Project("{FAE04EC0-301F-11D3-BF4B-00C04F79EFBC}") = "Mag1", "Mag1\Mag1.csproj", "{086A75EE-0D92-4D1D-B0F0-DDA44B720A1B}"
EndProject
Project("{FAE04EC0-301F-11D3-BF4B-00C04F79EFBC}") = "Mag2", "Mag2\Mag2.csproj", "{167A7612-B3E3-4A22-B5DF-EF4A2D175846}"
EndProject
Project("{FAE04EC0-301F-11D3-BF4B-00C04F79EFBC}") = "ccto", "ccto\ccto.csproj", "{C564DDB0-C765-4B8A-A7FC-956037563BCA}"
EndProject
Project("{FAE04EC0-301F-11D3-BF4B-00C04F79EFBC}") = "ccpr", "ccpr\ccpr.csproj", "{0A85B66D-E290-477C-AC6F-BCEDE394A7C0}"
EndProject
Project("{FAE04EC0-301F-11D3-BF4B-00C04F79EFBC}") = "ccwe", "ccwe\ccwe.csproj", "{39515E85-0C2A-4C69-B7DC-AFB2D287B6DE}"
EndProject
Project("{FAE04EC0-301F-11D3-BF4B-00C04F79EFBC}") = "caferoma", "caferoma\caferoma.csproj", "{880F5DB9-DDB2-4EA7-85C5-756BA1630BFF}"
EndProject
Project("{FAE04EC0-301F-11D3-BF4B-00C04F79EFBC}") = "d.suppuk", "d.suppuk\d.suppuk.csproj", "{BC170002-29E1-42DD-9890-C32BB0A17C7F}"
EndProject
Project("{FAE04EC0-301F-11D3-BF4B-00C04F79EFBC}") = "abmob1", "abmob1\abmob1.csproj", "{4C8E2DCC-836C-402D-BA3B-862D6C43500E}"
EndProject
Project("{FAE04EC0-301F-11D3-BF4B-00C04F79EFBC}") = "abmobando", "abmobando\abmobando.csproj", "{ED5C9840-1122-4183-99AA-7888A7FFB2D6}"
EndProject
Project("{FAE04EC0-301F-11D3-BF4B-00C04F79EFBC}") = "supportro", "supportro\supportro.csproj", "{6F892543-26EE-450E-8BDA-29832AC7FB15}"
EndProject
Project("{FAE04EC0-301F-11D3-BF4B-00C04F79EFBC}") = "active1", "active1\active1.csproj", "{7AE1C389-A52A-4788-B6B8-CD977B61557C}"
EndProject
Project("{FAE04EC0-301F-11D3-BF4B-00C04F79EFBC}") = "active2", "active2\active2.csproj", "{FA30F1B8-20EB-4376-8541-8A057EF88F46}"
EndProject
Project("{FAE04EC0-301F-11D3-BF4B-00C04F79EFBC}") = "supportrop", "supportrop\supportrop.csproj", "{4AE24E09-7864-4AD5-835D-FA8991C48755}"
EndProject
Project("{FAE04EC0-301F-11D3-BF4B-00C04F79EFBC}") = "biz", "biz\biz.csproj", "{C233FFA6-9C2E-4D4F-ABCB-B14489065CAA}"
EndProject
Project("{FAE04EC0-301F-11D3-BF4B-00C04F79EFBC}") = "carr1", "carr1\carr1.csproj", "{BE3B5F53-BBAB-4ADF-ADB4-300063DEF45F}"
EndProject
Project("{FAE04EC0-301F-11D3-BF4B-00C04F79EFBC}") = "carr2", "carr2\carr2.csproj", "{A6827C9D-269E-4A0D-A848-1B0F90AD7D59}"
EndProject
Project("{FAE04EC0-301F-11D3-BF4B-00C04F79EFBC}") = "bolt1", "bolt1\bolt1.csproj", "{15899BA7-6B12-485F-9F38-6AC4AA2BB89E}"
EndProject
Project("{FAE04EC0-301F-11D3-BF4B-00C04F79EFBC}") = "bolt2", "bolt2\bolt2.csproj", "{133BA24B-926A-482A-AE60-BB1CC707A488}"
EndProject
Project("{FAE04EC0-301F-11D3-BF4B-00C04F79EFBC}") = "supporthu", "supporthu\supporthu.csproj", "{FF27C017-A5B8-4EDD-8313-274314E1C293}"
EndProject
Project("{FAE04EC0-301F-11D3-BF4B-00C04F79EFBC}") = "testFeature", "testFeature\testFeature.csproj", "{08FD09D5-7A0E-4F0F-9C38-5691EDFE0EE0}"
EndProject
Project("{FAE04EC0-301F-11D3-BF4B-00C04F79EFBC}") = "txtlab", "txtlab\txtlab.csproj", "{F86F50C5-2B24-465C-B6B2-A03043E58642}"
EndProject
Project("{FAE04EC0-301F-11D3-BF4B-00C04F79EFBC}") = "cat5", "cat5\cat5.csproj", "{F2C683A5-5F9C-4094-B303-4E07F225E3B4}"
EndProject
Project("{FAE04EC0-301F-11D3-BF4B-00C04F79EFBC}") = "cat51", "cat51\cat51.csproj", "{8EB7231D-6B4C-4790-AB25-83420B09E3AB}"
EndProject
Project("{FAE04EC0-301F-11D3-BF4B-00C04F79EFBC}") = "eurogsm", "eurogsm\eurogsm.csproj", "{090D6ABB-2F62-4F38-AA16-2807051877EC}"
EndProject
Project("{FAE04EC0-301F-11D3-BF4B-00C04F79EFBC}") = "tcoffee", "tcoffee\tcoffee.csproj", "{6459D8CA-6E38-4C21-A396-15471C89D28E}"
EndProject
Global
	GlobalSection(SolutionConfigurationPlatforms) = preSolution
		Debug|Any CPU = Debug|Any CPU
		Release|Any CPU = Release|Any CPU
	EndGlobalSection
	GlobalSection(ProjectConfigurationPlatforms) = postSolution
		{9D08C9F2-59C8-4ADD-82E2-0EF97798651B}.Debug|Any CPU.ActiveCfg = Debug|Any CPU
		{9D08C9F2-59C8-4ADD-82E2-0EF97798651B}.Debug|Any CPU.Build.0 = Debug|Any CPU
		{9D08C9F2-59C8-4ADD-82E2-0EF97798651B}.Release|Any CPU.ActiveCfg = Release|Any CPU
		{9D08C9F2-59C8-4ADD-82E2-0EF97798651B}.Release|Any CPU.Build.0 = Release|Any CPU
		{012F4AAB-EC61-41E4-816C-23DB10CC20AF}.Debug|Any CPU.ActiveCfg = Debug|Any CPU
		{012F4AAB-EC61-41E4-816C-23DB10CC20AF}.Debug|Any CPU.Build.0 = Debug|Any CPU
		{012F4AAB-EC61-41E4-816C-23DB10CC20AF}.Release|Any CPU.ActiveCfg = Release|Any CPU
		{012F4AAB-EC61-41E4-816C-23DB10CC20AF}.Release|Any CPU.Build.0 = Release|Any CPU
		{0AE34D42-EFE5-4204-B94D-53D646188EFE}.Debug|Any CPU.ActiveCfg = Debug|Any CPU
		{0AE34D42-EFE5-4204-B94D-53D646188EFE}.Debug|Any CPU.Build.0 = Debug|Any CPU
		{0AE34D42-EFE5-4204-B94D-53D646188EFE}.Release|Any CPU.ActiveCfg = Release|Any CPU
		{0AE34D42-EFE5-4204-B94D-53D646188EFE}.Release|Any CPU.Build.0 = Release|Any CPU
		{A6DD9702-4FDF-4DBE-9AD9-DB2B2582266E}.Debug|Any CPU.ActiveCfg = Debug|Any CPU
		{A6DD9702-4FDF-4DBE-9AD9-DB2B2582266E}.Debug|Any CPU.Build.0 = Debug|Any CPU
		{A6DD9702-4FDF-4DBE-9AD9-DB2B2582266E}.Release|Any CPU.ActiveCfg = Release|Any CPU
		{A6DD9702-4FDF-4DBE-9AD9-DB2B2582266E}.Release|Any CPU.Build.0 = Release|Any CPU
		{AFE1A178-B1A7-4939-8450-2E0F7DD20011}.Debug|Any CPU.ActiveCfg = Debug|Any CPU
		{AFE1A178-B1A7-4939-8450-2E0F7DD20011}.Debug|Any CPU.Build.0 = Debug|Any CPU
		{AFE1A178-B1A7-4939-8450-2E0F7DD20011}.Release|Any CPU.ActiveCfg = Release|Any CPU
		{AFE1A178-B1A7-4939-8450-2E0F7DD20011}.Release|Any CPU.Build.0 = Release|Any CPU
		{EF3C3387-3D64-4DC1-9591-27411974D6BF}.Debug|Any CPU.ActiveCfg = Debug|Any CPU
		{EF3C3387-3D64-4DC1-9591-27411974D6BF}.Debug|Any CPU.Build.0 = Debug|Any CPU
		{EF3C3387-3D64-4DC1-9591-27411974D6BF}.Release|Any CPU.ActiveCfg = Release|Any CPU
		{EF3C3387-3D64-4DC1-9591-27411974D6BF}.Release|Any CPU.Build.0 = Release|Any CPU
		{3FF055DA-D7B2-4292-9A8F-6A3DBCD43020}.Debug|Any CPU.ActiveCfg = Debug|Any CPU
		{3FF055DA-D7B2-4292-9A8F-6A3DBCD43020}.Debug|Any CPU.Build.0 = Debug|Any CPU
		{3FF055DA-D7B2-4292-9A8F-6A3DBCD43020}.Release|Any CPU.ActiveCfg = Release|Any CPU
		{3FF055DA-D7B2-4292-9A8F-6A3DBCD43020}.Release|Any CPU.Build.0 = Release|Any CPU
		{1C6D6551-F122-4AA0-B092-4D77C98C1F56}.Debug|Any CPU.ActiveCfg = Debug|Any CPU
		{1C6D6551-F122-4AA0-B092-4D77C98C1F56}.Debug|Any CPU.Build.0 = Debug|Any CPU
		{1C6D6551-F122-4AA0-B092-4D77C98C1F56}.Release|Any CPU.ActiveCfg = Release|Any CPU
		{1C6D6551-F122-4AA0-B092-4D77C98C1F56}.Release|Any CPU.Build.0 = Release|Any CPU
		{2F931F49-99BD-4472-9434-2F726E65FE4C}.Debug|Any CPU.ActiveCfg = Debug|Any CPU
		{2F931F49-99BD-4472-9434-2F726E65FE4C}.Debug|Any CPU.Build.0 = Debug|Any CPU
		{2F931F49-99BD-4472-9434-2F726E65FE4C}.Release|Any CPU.ActiveCfg = Release|Any CPU
		{2F931F49-99BD-4472-9434-2F726E65FE4C}.Release|Any CPU.Build.0 = Release|Any CPU
		{F7811B6B-A5D6-41C3-931E-8A82DA39450A}.Debug|Any CPU.ActiveCfg = Debug|Any CPU
		{F7811B6B-A5D6-41C3-931E-8A82DA39450A}.Debug|Any CPU.Build.0 = Debug|Any CPU
		{F7811B6B-A5D6-41C3-931E-8A82DA39450A}.Release|Any CPU.ActiveCfg = Release|Any CPU
		{F7811B6B-A5D6-41C3-931E-8A82DA39450A}.Release|Any CPU.Build.0 = Release|Any CPU
		{BEAADABB-E0C5-4D17-B43F-13C665D8479D}.Debug|Any CPU.ActiveCfg = Debug|Any CPU
		{BEAADABB-E0C5-4D17-B43F-13C665D8479D}.Debug|Any CPU.Build.0 = Debug|Any CPU
		{BEAADABB-E0C5-4D17-B43F-13C665D8479D}.Release|Any CPU.ActiveCfg = Release|Any CPU
		{BEAADABB-E0C5-4D17-B43F-13C665D8479D}.Release|Any CPU.Build.0 = Release|Any CPU
		{F58024AF-106D-4EFE-AC2C-C9E02F22164C}.Debug|Any CPU.ActiveCfg = Debug|Any CPU
		{F58024AF-106D-4EFE-AC2C-C9E02F22164C}.Debug|Any CPU.Build.0 = Debug|Any CPU
		{F58024AF-106D-4EFE-AC2C-C9E02F22164C}.Release|Any CPU.ActiveCfg = Release|Any CPU
		{F58024AF-106D-4EFE-AC2C-C9E02F22164C}.Release|Any CPU.Build.0 = Release|Any CPU
		{50E530AA-8F5E-4C3C-A24E-4B68ACFCEA86}.Debug|Any CPU.ActiveCfg = Debug|Any CPU
		{50E530AA-8F5E-4C3C-A24E-4B68ACFCEA86}.Debug|Any CPU.Build.0 = Debug|Any CPU
		{50E530AA-8F5E-4C3C-A24E-4B68ACFCEA86}.Release|Any CPU.ActiveCfg = Release|Any CPU
		{50E530AA-8F5E-4C3C-A24E-4B68ACFCEA86}.Release|Any CPU.Build.0 = Release|Any CPU
		{6104CCA6-5F20-4E77-9F56-01EA4A2313FD}.Debug|Any CPU.ActiveCfg = Debug|Any CPU
		{6104CCA6-5F20-4E77-9F56-01EA4A2313FD}.Debug|Any CPU.Build.0 = Debug|Any CPU
		{6104CCA6-5F20-4E77-9F56-01EA4A2313FD}.Release|Any CPU.ActiveCfg = Release|Any CPU
		{6104CCA6-5F20-4E77-9F56-01EA4A2313FD}.Release|Any CPU.Build.0 = Release|Any CPU
		{44457A23-D7BF-401F-B712-A259A0DAA5EB}.Debug|Any CPU.ActiveCfg = Debug|Any CPU
		{44457A23-D7BF-401F-B712-A259A0DAA5EB}.Debug|Any CPU.Build.0 = Debug|Any CPU
		{44457A23-D7BF-401F-B712-A259A0DAA5EB}.Release|Any CPU.ActiveCfg = Release|Any CPU
		{44457A23-D7BF-401F-B712-A259A0DAA5EB}.Release|Any CPU.Build.0 = Release|Any CPU
		{F9C287C4-17F4-4EE6-A139-D4FA902FC7A1}.Debug|Any CPU.ActiveCfg = Debug|Any CPU
		{F9C287C4-17F4-4EE6-A139-D4FA902FC7A1}.Debug|Any CPU.Build.0 = Debug|Any CPU
		{F9C287C4-17F4-4EE6-A139-D4FA902FC7A1}.Release|Any CPU.ActiveCfg = Release|Any CPU
		{F9C287C4-17F4-4EE6-A139-D4FA902FC7A1}.Release|Any CPU.Build.0 = Release|Any CPU
		{74AD1969-F143-4535-9B77-E11B31F5F117}.Debug|Any CPU.ActiveCfg = Debug|Any CPU
		{74AD1969-F143-4535-9B77-E11B31F5F117}.Debug|Any CPU.Build.0 = Debug|Any CPU
		{74AD1969-F143-4535-9B77-E11B31F5F117}.Release|Any CPU.ActiveCfg = Release|Any CPU
		{74AD1969-F143-4535-9B77-E11B31F5F117}.Release|Any CPU.Build.0 = Release|Any CPU
		{9ECEED19-358B-4A1E-874E-854BBB6D2525}.Debug|Any CPU.ActiveCfg = Debug|Any CPU
		{9ECEED19-358B-4A1E-874E-854BBB6D2525}.Debug|Any CPU.Build.0 = Debug|Any CPU
		{9ECEED19-358B-4A1E-874E-854BBB6D2525}.Release|Any CPU.ActiveCfg = Release|Any CPU
		{9ECEED19-358B-4A1E-874E-854BBB6D2525}.Release|Any CPU.Build.0 = Release|Any CPU
		{B517D4D2-E927-4822-83E4-F96F3DA3FD93}.Debug|Any CPU.ActiveCfg = Debug|Any CPU
		{B517D4D2-E927-4822-83E4-F96F3DA3FD93}.Debug|Any CPU.Build.0 = Debug|Any CPU
		{B517D4D2-E927-4822-83E4-F96F3DA3FD93}.Release|Any CPU.ActiveCfg = Release|Any CPU
		{B517D4D2-E927-4822-83E4-F96F3DA3FD93}.Release|Any CPU.Build.0 = Release|Any CPU
		{B3B59E89-1989-418B-B978-8900575F323E}.Debug|Any CPU.ActiveCfg = Debug|Any CPU
		{B3B59E89-1989-418B-B978-8900575F323E}.Debug|Any CPU.Build.0 = Debug|Any CPU
		{B3B59E89-1989-418B-B978-8900575F323E}.Release|Any CPU.ActiveCfg = Release|Any CPU
		{B3B59E89-1989-418B-B978-8900575F323E}.Release|Any CPU.Build.0 = Release|Any CPU
		{71A17AA6-DEFF-46FA-AC09-43213110B6B8}.Debug|Any CPU.ActiveCfg = Debug|Any CPU
		{71A17AA6-DEFF-46FA-AC09-43213110B6B8}.Debug|Any CPU.Build.0 = Debug|Any CPU
		{71A17AA6-DEFF-46FA-AC09-43213110B6B8}.Release|Any CPU.ActiveCfg = Release|Any CPU
		{71A17AA6-DEFF-46FA-AC09-43213110B6B8}.Release|Any CPU.Build.0 = Release|Any CPU
		{6E801358-4DEB-4220-9459-2902CC60DBD9}.Debug|Any CPU.ActiveCfg = Debug|Any CPU
		{6E801358-4DEB-4220-9459-2902CC60DBD9}.Debug|Any CPU.Build.0 = Debug|Any CPU
		{6E801358-4DEB-4220-9459-2902CC60DBD9}.Release|Any CPU.ActiveCfg = Release|Any CPU
		{6E801358-4DEB-4220-9459-2902CC60DBD9}.Release|Any CPU.Build.0 = Release|Any CPU
		{086A75EE-0D92-4D1D-B0F0-DDA44B720A1B}.Debug|Any CPU.ActiveCfg = Debug|Any CPU
		{086A75EE-0D92-4D1D-B0F0-DDA44B720A1B}.Debug|Any CPU.Build.0 = Debug|Any CPU
		{086A75EE-0D92-4D1D-B0F0-DDA44B720A1B}.Release|Any CPU.ActiveCfg = Release|Any CPU
		{086A75EE-0D92-4D1D-B0F0-DDA44B720A1B}.Release|Any CPU.Build.0 = Release|Any CPU
		{167A7612-B3E3-4A22-B5DF-EF4A2D175846}.Debug|Any CPU.ActiveCfg = Debug|Any CPU
		{167A7612-B3E3-4A22-B5DF-EF4A2D175846}.Debug|Any CPU.Build.0 = Debug|Any CPU
		{167A7612-B3E3-4A22-B5DF-EF4A2D175846}.Release|Any CPU.ActiveCfg = Release|Any CPU
		{167A7612-B3E3-4A22-B5DF-EF4A2D175846}.Release|Any CPU.Build.0 = Release|Any CPU
		{C564DDB0-C765-4B8A-A7FC-956037563BCA}.Debug|Any CPU.ActiveCfg = Debug|Any CPU
		{C564DDB0-C765-4B8A-A7FC-956037563BCA}.Debug|Any CPU.Build.0 = Debug|Any CPU
		{C564DDB0-C765-4B8A-A7FC-956037563BCA}.Release|Any CPU.ActiveCfg = Release|Any CPU
		{C564DDB0-C765-4B8A-A7FC-956037563BCA}.Release|Any CPU.Build.0 = Release|Any CPU
		{0A85B66D-E290-477C-AC6F-BCEDE394A7C0}.Debug|Any CPU.ActiveCfg = Debug|Any CPU
		{0A85B66D-E290-477C-AC6F-BCEDE394A7C0}.Debug|Any CPU.Build.0 = Debug|Any CPU
		{0A85B66D-E290-477C-AC6F-BCEDE394A7C0}.Release|Any CPU.ActiveCfg = Release|Any CPU
		{0A85B66D-E290-477C-AC6F-BCEDE394A7C0}.Release|Any CPU.Build.0 = Release|Any CPU
		{39515E85-0C2A-4C69-B7DC-AFB2D287B6DE}.Debug|Any CPU.ActiveCfg = Debug|Any CPU
		{39515E85-0C2A-4C69-B7DC-AFB2D287B6DE}.Debug|Any CPU.Build.0 = Debug|Any CPU
		{39515E85-0C2A-4C69-B7DC-AFB2D287B6DE}.Release|Any CPU.ActiveCfg = Release|Any CPU
		{39515E85-0C2A-4C69-B7DC-AFB2D287B6DE}.Release|Any CPU.Build.0 = Release|Any CPU
		{880F5DB9-DDB2-4EA7-85C5-756BA1630BFF}.Debug|Any CPU.ActiveCfg = Debug|Any CPU
		{880F5DB9-DDB2-4EA7-85C5-756BA1630BFF}.Debug|Any CPU.Build.0 = Debug|Any CPU
		{880F5DB9-DDB2-4EA7-85C5-756BA1630BFF}.Release|Any CPU.ActiveCfg = Release|Any CPU
		{880F5DB9-DDB2-4EA7-85C5-756BA1630BFF}.Release|Any CPU.Build.0 = Release|Any CPU
		{BC170002-29E1-42DD-9890-C32BB0A17C7F}.Debug|Any CPU.ActiveCfg = Debug|Any CPU
		{BC170002-29E1-42DD-9890-C32BB0A17C7F}.Debug|Any CPU.Build.0 = Debug|Any CPU
		{BC170002-29E1-42DD-9890-C32BB0A17C7F}.Release|Any CPU.ActiveCfg = Release|Any CPU
		{BC170002-29E1-42DD-9890-C32BB0A17C7F}.Release|Any CPU.Build.0 = Release|Any CPU
		{4C8E2DCC-836C-402D-BA3B-862D6C43500E}.Debug|Any CPU.ActiveCfg = Debug|Any CPU
		{4C8E2DCC-836C-402D-BA3B-862D6C43500E}.Debug|Any CPU.Build.0 = Debug|Any CPU
		{4C8E2DCC-836C-402D-BA3B-862D6C43500E}.Release|Any CPU.ActiveCfg = Release|Any CPU
		{4C8E2DCC-836C-402D-BA3B-862D6C43500E}.Release|Any CPU.Build.0 = Release|Any CPU
		{ED5C9840-1122-4183-99AA-7888A7FFB2D6}.Debug|Any CPU.ActiveCfg = Debug|Any CPU
		{ED5C9840-1122-4183-99AA-7888A7FFB2D6}.Debug|Any CPU.Build.0 = Debug|Any CPU
		{ED5C9840-1122-4183-99AA-7888A7FFB2D6}.Release|Any CPU.ActiveCfg = Release|Any CPU
		{ED5C9840-1122-4183-99AA-7888A7FFB2D6}.Release|Any CPU.Build.0 = Release|Any CPU
		{6F892543-26EE-450E-8BDA-29832AC7FB15}.Debug|Any CPU.ActiveCfg = Debug|Any CPU
		{6F892543-26EE-450E-8BDA-29832AC7FB15}.Debug|Any CPU.Build.0 = Debug|Any CPU
		{6F892543-26EE-450E-8BDA-29832AC7FB15}.Release|Any CPU.ActiveCfg = Release|Any CPU
		{6F892543-26EE-450E-8BDA-29832AC7FB15}.Release|Any CPU.Build.0 = Release|Any CPU
		{7AE1C389-A52A-4788-B6B8-CD977B61557C}.Debug|Any CPU.ActiveCfg = Debug|Any CPU
		{7AE1C389-A52A-4788-B6B8-CD977B61557C}.Debug|Any CPU.Build.0 = Debug|Any CPU
		{7AE1C389-A52A-4788-B6B8-CD977B61557C}.Release|Any CPU.ActiveCfg = Release|Any CPU
		{7AE1C389-A52A-4788-B6B8-CD977B61557C}.Release|Any CPU.Build.0 = Release|Any CPU
		{FA30F1B8-20EB-4376-8541-8A057EF88F46}.Debug|Any CPU.ActiveCfg = Debug|Any CPU
		{FA30F1B8-20EB-4376-8541-8A057EF88F46}.Debug|Any CPU.Build.0 = Debug|Any CPU
		{FA30F1B8-20EB-4376-8541-8A057EF88F46}.Release|Any CPU.ActiveCfg = Release|Any CPU
		{FA30F1B8-20EB-4376-8541-8A057EF88F46}.Release|Any CPU.Build.0 = Release|Any CPU
		{4AE24E09-7864-4AD5-835D-FA8991C48755}.Debug|Any CPU.ActiveCfg = Debug|Any CPU
		{4AE24E09-7864-4AD5-835D-FA8991C48755}.Debug|Any CPU.Build.0 = Debug|Any CPU
		{4AE24E09-7864-4AD5-835D-FA8991C48755}.Release|Any CPU.ActiveCfg = Release|Any CPU
		{4AE24E09-7864-4AD5-835D-FA8991C48755}.Release|Any CPU.Build.0 = Release|Any CPU
		{C233FFA6-9C2E-4D4F-ABCB-B14489065CAA}.Debug|Any CPU.ActiveCfg = Debug|Any CPU
		{C233FFA6-9C2E-4D4F-ABCB-B14489065CAA}.Debug|Any CPU.Build.0 = Debug|Any CPU
		{C233FFA6-9C2E-4D4F-ABCB-B14489065CAA}.Release|Any CPU.ActiveCfg = Release|Any CPU
		{C233FFA6-9C2E-4D4F-ABCB-B14489065CAA}.Release|Any CPU.Build.0 = Release|Any CPU
		{BE3B5F53-BBAB-4ADF-ADB4-300063DEF45F}.Debug|Any CPU.ActiveCfg = Debug|Any CPU
		{BE3B5F53-BBAB-4ADF-ADB4-300063DEF45F}.Debug|Any CPU.Build.0 = Debug|Any CPU
		{BE3B5F53-BBAB-4ADF-ADB4-300063DEF45F}.Release|Any CPU.ActiveCfg = Release|Any CPU
		{BE3B5F53-BBAB-4ADF-ADB4-300063DEF45F}.Release|Any CPU.Build.0 = Release|Any CPU
		{A6827C9D-269E-4A0D-A848-1B0F90AD7D59}.Debug|Any CPU.ActiveCfg = Debug|Any CPU
		{A6827C9D-269E-4A0D-A848-1B0F90AD7D59}.Debug|Any CPU.Build.0 = Debug|Any CPU
		{A6827C9D-269E-4A0D-A848-1B0F90AD7D59}.Release|Any CPU.ActiveCfg = Release|Any CPU
		{A6827C9D-269E-4A0D-A848-1B0F90AD7D59}.Release|Any CPU.Build.0 = Release|Any CPU
		{15899BA7-6B12-485F-9F38-6AC4AA2BB89E}.Debug|Any CPU.ActiveCfg = Debug|Any CPU
		{15899BA7-6B12-485F-9F38-6AC4AA2BB89E}.Debug|Any CPU.Build.0 = Debug|Any CPU
		{15899BA7-6B12-485F-9F38-6AC4AA2BB89E}.Release|Any CPU.ActiveCfg = Release|Any CPU
		{15899BA7-6B12-485F-9F38-6AC4AA2BB89E}.Release|Any CPU.Build.0 = Release|Any CPU
		{133BA24B-926A-482A-AE60-BB1CC707A488}.Debug|Any CPU.ActiveCfg = Debug|Any CPU
		{133BA24B-926A-482A-AE60-BB1CC707A488}.Debug|Any CPU.Build.0 = Debug|Any CPU
		{133BA24B-926A-482A-AE60-BB1CC707A488}.Release|Any CPU.ActiveCfg = Release|Any CPU
		{133BA24B-926A-482A-AE60-BB1CC707A488}.Release|Any CPU.Build.0 = Release|Any CPU
		{FF27C017-A5B8-4EDD-8313-274314E1C293}.Debug|Any CPU.ActiveCfg = Debug|Any CPU
		{FF27C017-A5B8-4EDD-8313-274314E1C293}.Debug|Any CPU.Build.0 = Debug|Any CPU
		{FF27C017-A5B8-4EDD-8313-274314E1C293}.Release|Any CPU.ActiveCfg = Release|Any CPU
		{FF27C017-A5B8-4EDD-8313-274314E1C293}.Release|Any CPU.Build.0 = Release|Any CPU
		{08FD09D5-7A0E-4F0F-9C38-5691EDFE0EE0}.Debug|Any CPU.ActiveCfg = Debug|Any CPU
		{08FD09D5-7A0E-4F0F-9C38-5691EDFE0EE0}.Debug|Any CPU.Build.0 = Debug|Any CPU
		{08FD09D5-7A0E-4F0F-9C38-5691EDFE0EE0}.Release|Any CPU.ActiveCfg = Release|Any CPU
		{08FD09D5-7A0E-4F0F-9C38-5691EDFE0EE0}.Release|Any CPU.Build.0 = Release|Any CPU
		{F86F50C5-2B24-465C-B6B2-A03043E58642}.Debug|Any CPU.ActiveCfg = Debug|Any CPU
		{F86F50C5-2B24-465C-B6B2-A03043E58642}.Debug|Any CPU.Build.0 = Debug|Any CPU
		{F86F50C5-2B24-465C-B6B2-A03043E58642}.Release|Any CPU.ActiveCfg = Release|Any CPU
		{F86F50C5-2B24-465C-B6B2-A03043E58642}.Release|Any CPU.Build.0 = Release|Any CPU
		{F2C683A5-5F9C-4094-B303-4E07F225E3B4}.Debug|Any CPU.ActiveCfg = Debug|Any CPU
		{F2C683A5-5F9C-4094-B303-4E07F225E3B4}.Debug|Any CPU.Build.0 = Debug|Any CPU
		{F2C683A5-5F9C-4094-B303-4E07F225E3B4}.Release|Any CPU.ActiveCfg = Release|Any CPU
		{F2C683A5-5F9C-4094-B303-4E07F225E3B4}.Release|Any CPU.Build.0 = Release|Any CPU
		{8EB7231D-6B4C-4790-AB25-83420B09E3AB}.Debug|Any CPU.ActiveCfg = Debug|Any CPU
		{8EB7231D-6B4C-4790-AB25-83420B09E3AB}.Debug|Any CPU.Build.0 = Debug|Any CPU
		{8EB7231D-6B4C-4790-AB25-83420B09E3AB}.Release|Any CPU.ActiveCfg = Release|Any CPU
		{8EB7231D-6B4C-4790-AB25-83420B09E3AB}.Release|Any CPU.Build.0 = Release|Any CPU
		{090D6ABB-2F62-4F38-AA16-2807051877EC}.Debug|Any CPU.ActiveCfg = Debug|Any CPU
		{090D6ABB-2F62-4F38-AA16-2807051877EC}.Debug|Any CPU.Build.0 = Debug|Any CPU
		{090D6ABB-2F62-4F38-AA16-2807051877EC}.Release|Any CPU.ActiveCfg = Release|Any CPU
		{090D6ABB-2F62-4F38-AA16-2807051877EC}.Release|Any CPU.Build.0 = Release|Any CPU
		{6459D8CA-6E38-4C21-A396-15471C89D28E}.Debug|Any CPU.ActiveCfg = Debug|Any CPU
		{6459D8CA-6E38-4C21-A396-15471C89D28E}.Debug|Any CPU.Build.0 = Debug|Any CPU
		{6459D8CA-6E38-4C21-A396-15471C89D28E}.Release|Any CPU.ActiveCfg = Release|Any CPU
		{6459D8CA-6E38-4C21-A396-15471C89D28E}.Release|Any CPU.Build.0 = Release|Any CPU
	EndGlobalSection
	GlobalSection(SolutionProperties) = preSolution
		HideSolutionNode = FALSE
	EndGlobalSection
EndGlobal
