
Microsoft Visual Studio Solution File, Format Version 12.00
# Visual Studio 2012
Project("{FAE04EC0-301F-11D3-BF4B-00C04F79EFBC}") = "Vivacom", "Vivacom\Vivacom.csproj", "{568AFFA3-E7A9-4223-833F-03B38C52BA74}"
EndProject
Global
	GlobalSection(SolutionConfigurationPlatforms) = preSolution
		Debug|Any CPU = Debug|Any CPU
		Release|Any CPU = Release|Any CPU
	EndGlobalSection
	GlobalSection(ProjectConfigurationPlatforms) = postSolution
		{568AFFA3-E7A9-4223-833F-03B38C52BA74}.Debug|Any CPU.ActiveCfg = Debug|Any CPU
		{568AFFA3-E7A9-4223-833F-03B38C52BA74}.Debug|Any CPU.Build.0 = Debug|Any CPU
		{568AFFA3-E7A9-4223-833F-03B38C52BA74}.Release|Any CPU.ActiveCfg = Release|Any CPU
		{568AFFA3-E7A9-4223-833F-03B38C52BA74}.Release|Any CPU.Build.0 = Release|Any CPU
	EndGlobalSection
	GlobalSection(SolutionProperties) = preSolution
		HideSolutionNode = FALSE
	EndGlobalSection
EndGlobal
