
Microsoft Visual Studio Solution File, Format Version 12.00
# Visual Studio 2012
Project("{FAE04EC0-301F-11D3-BF4B-00C04F79EFBC}") = "TxtPushService", "TxtPushService\TxtPushService.csproj", "{1C7C7417-34AB-46F6-AA50-F90001107E7A}"
EndProject
Global
	GlobalSection(SolutionConfigurationPlatforms) = preSolution
		Debug|Any CPU = Debug|Any CPU
		Release|Any CPU = Release|Any CPU
	EndGlobalSection
	GlobalSection(ProjectConfigurationPlatforms) = postSolution
		{1C7C7417-34AB-46F6-AA50-F90001107E7A}.Debug|Any CPU.ActiveCfg = Debug|Any CPU
		{1C7C7417-34AB-46F6-AA50-F90001107E7A}.Debug|Any CPU.Build.0 = Debug|Any CPU
		{1C7C7417-34AB-46F6-AA50-F90001107E7A}.Release|Any CPU.ActiveCfg = Release|Any CPU
		{1C7C7417-34AB-46F6-AA50-F90001107E7A}.Release|Any CPU.Build.0 = Release|Any CPU
	EndGlobalSection
	GlobalSection(SolutionProperties) = preSolution
		HideSolutionNode = FALSE
	EndGlobalSection
EndGlobal
